<?xml version="1.0" encoding="utf-8"?>
<Project ToolsVersion="4.0" xmlns="http://schemas.microsoft.com/developer/msbuild/2003">
  <ItemGroup>
    <Filter Include="Исходные файлы">
      <UniqueIdentifier>{4FC737F1-C7A5-4376-A066-2A32D752A2FF}</UniqueIdentifier>
      <Extensions>cpp;c;cc;cxx;c++;cppm;ixx;def;odl;idl;hpj;bat;asm;asmx</Extensions>
    </Filter>
    <Filter Include="Файлы ресурсов">
      <UniqueIdentifier>{67DA6AB6-F800-4c08-8B7A-83BB121AAD01}</UniqueIdentifier>
      <Extensions>rc;ico;cur;bmp;dlg;rc2;rct;bin;rgs;gif;jpg;jpeg;jpe;resx;tiff;tif;png;wav;mfcribbon-ms</Extensions>
    </Filter>
    <Filter Include="Исходные файлы\camera_type">
      <UniqueIdentifier>{38b284b5-733b-41fd-881d-c9b40951bb5f}</UniqueIdentifier>
    </Filter>
  </ItemGroup>
  <ItemGroup>
    <ClCompile Include="glad.c">
      <Filter>Исходные файлы</Filter>
    </ClCompile>
    <ClCompile Include="main\MAIN.cpp">
      <Filter>Исходные файлы</Filter>
    </ClCompile>
    <ClCompile Include="main\shader_check.cpp">
      <Filter>Исходные файлы</Filter>
    </ClCompile>
    <ClCompile Include="main\texture.cpp">
      <Filter>Исходные файлы</Filter>
    </ClCompile>
    <ClCompile Include="main\pidr\camera.cpp">
      <Filter>Исходные файлы</Filter>
    </ClCompile>
    <ClCompile Include="main\pidr\OBJ.cpp">
      <Filter>Исходные файлы</Filter>
    </ClCompile>
  </ItemGroup>
  <ItemGroup>
    <None Include="glfw3.dll" />
    <None Include="x64\glfw3.dll" />
    <None Include="main\shaders\vertex.shader" />
    <None Include="main\shaders\fragment.shader" />
  </ItemGroup>
  <ItemGroup>
    <Text Include="help.txt">
      <Filter>Файлы ресурсов</Filter>
    </Text>
  </ItemGroup>
  <ItemGroup>
    <ClInclude Include="main\shader.h" />
    <ClInclude Include="main\texture.h" />
    <ClInclude Include="main\public.h" />
    <ClInclude Include="main\pidr\camera.h" />
    <ClInclude Include="main\headers.h" />
    <ClInclude Include="main\pidr\OBJ.h" />
  </ItemGroup>
  <ItemGroup>
    <MASM Include="main\cumshot.asm">
      <Filter>Исходные файлы</Filter>
    </MASM>
  </ItemGroup>
</Project>